
Microsoft Visual Studio Solution File, Format Version 12.00
# Visual Studio 14
VisualStudioVersion = 14.0.25420.1
MinimumVisualStudioVersion = 10.0.40219.1
Project("{FAE04EC0-301F-11D3-BF4B-00C04F79EFBC}") = "Grow.Data", "Grow.Data\Grow.Data.csproj", "{7895C96A-86B5-468C-8551-613CEA27A221}"
EndProject
Project("{FAE04EC0-301F-11D3-BF4B-00C04F79EFBC}") = "Grow.Data.Model", "Grow.Model\Grow.Data.Model.csproj", "{D41DE9CB-376A-43D7-A3EB-479F523B92A2}"
EndProject
Project("{FAE04EC0-301F-11D3-BF4B-00C04F79EFBC}") = "Grow.Business", "Grow.Business\Grow.Business.csproj", "{F7D2E191-3A69-482D-8F46-BAA24C66BF3B}"
EndProject
Project("{FAE04EC0-301F-11D3-BF4B-00C04F79EFBC}") = "Grow.Service", "Grow.Service\Grow.Service.csproj", "{F599514C-ACDE-44CF-866A-359534DE46A5}"
EndProject
Global
	GlobalSection(SolutionConfigurationPlatforms) = preSolution
		Debug|Any CPU = Debug|Any CPU
		Release|Any CPU = Release|Any CPU
	EndGlobalSection
	GlobalSection(ProjectConfigurationPlatforms) = postSolution
		{7895C96A-86B5-468C-8551-613CEA27A221}.Debug|Any CPU.ActiveCfg = Debug|Any CPU
		{7895C96A-86B5-468C-8551-613CEA27A221}.Debug|Any CPU.Build.0 = Debug|Any CPU
		{7895C96A-86B5-468C-8551-613CEA27A221}.Release|Any CPU.ActiveCfg = Release|Any CPU
		{7895C96A-86B5-468C-8551-613CEA27A221}.Release|Any CPU.Build.0 = Release|Any CPU
		{D41DE9CB-376A-43D7-A3EB-479F523B92A2}.Debug|Any CPU.ActiveCfg = Debug|Any CPU
		{D41DE9CB-376A-43D7-A3EB-479F523B92A2}.Debug|Any CPU.Build.0 = Debug|Any CPU
		{D41DE9CB-376A-43D7-A3EB-479F523B92A2}.Release|Any CPU.ActiveCfg = Release|Any CPU
		{D41DE9CB-376A-43D7-A3EB-479F523B92A2}.Release|Any CPU.Build.0 = Release|Any CPU
		{F7D2E191-3A69-482D-8F46-BAA24C66BF3B}.Debug|Any CPU.ActiveCfg = Debug|Any CPU
		{F7D2E191-3A69-482D-8F46-BAA24C66BF3B}.Debug|Any CPU.Build.0 = Debug|Any CPU
		{F7D2E191-3A69-482D-8F46-BAA24C66BF3B}.Release|Any CPU.ActiveCfg = Release|Any CPU
		{F7D2E191-3A69-482D-8F46-BAA24C66BF3B}.Release|Any CPU.Build.0 = Release|Any CPU
		{F599514C-ACDE-44CF-866A-359534DE46A5}.Debug|Any CPU.ActiveCfg = Debug|Any CPU
		{F599514C-ACDE-44CF-866A-359534DE46A5}.Debug|Any CPU.Build.0 = Debug|Any CPU
		{F599514C-ACDE-44CF-866A-359534DE46A5}.Release|Any CPU.ActiveCfg = Release|Any CPU
		{F599514C-ACDE-44CF-866A-359534DE46A5}.Release|Any CPU.Build.0 = Release|Any CPU
	EndGlobalSection
	GlobalSection(SolutionProperties) = preSolution
		HideSolutionNode = FALSE
	EndGlobalSection
EndGlobal
